
Microsoft Visual Studio Solution File, Format Version 12.00
# Visual Studio Version 17
VisualStudioVersion = 17.0.31912.275
MinimumVisualStudioVersion = 10.0.40219.1
Project("{FAE04EC0-301F-11D3-BF4B-00C04F79EFBC}") = "Lista1Repeticao", "Lista1Repeticao\Lista1Repeticao.csproj", "{068A2ED8-4461-483F-991A-0ED64C900B88}"
EndProject
Global
	GlobalSection(SolutionConfigurationPlatforms) = preSolution
		Debug|Any CPU = Debug|Any CPU
		Release|Any CPU = Release|Any CPU
	EndGlobalSection
	GlobalSection(ProjectConfigurationPlatforms) = postSolution
		{068A2ED8-4461-483F-991A-0ED64C900B88}.Debug|Any CPU.ActiveCfg = Debug|Any CPU
		{068A2ED8-4461-483F-991A-0ED64C900B88}.Debug|Any CPU.Build.0 = Debug|Any CPU
		{068A2ED8-4461-483F-991A-0ED64C900B88}.Release|Any CPU.ActiveCfg = Release|Any CPU
		{068A2ED8-4461-483F-991A-0ED64C900B88}.Release|Any CPU.Build.0 = Release|Any CPU
	EndGlobalSection
	GlobalSection(SolutionProperties) = preSolution
		HideSolutionNode = FALSE
	EndGlobalSection
	GlobalSection(ExtensibilityGlobals) = postSolution
		SolutionGuid = {400EB1D0-ECC8-436B-BB02-4D7B43A347D7}
	EndGlobalSection
EndGlobal
