
Microsoft Visual Studio Solution File, Format Version 12.00
# Visual Studio Version 16
VisualStudioVersion = 16.0.31829.152
MinimumVisualStudioVersion = 10.0.40219.1
Project("{FAE04EC0-301F-11D3-BF4B-00C04F79EFBC}") = "Aula1Lista1", "Aula1Lista1\Aula1Lista1.csproj", "{3546079E-91C2-4501-B075-C2C8CCC14633}"
EndProject
Global
	GlobalSection(SolutionConfigurationPlatforms) = preSolution
		Debug|Any CPU = Debug|Any CPU
		Release|Any CPU = Release|Any CPU
	EndGlobalSection
	GlobalSection(ProjectConfigurationPlatforms) = postSolution
		{3546079E-91C2-4501-B075-C2C8CCC14633}.Debug|Any CPU.ActiveCfg = Debug|Any CPU
		{3546079E-91C2-4501-B075-C2C8CCC14633}.Debug|Any CPU.Build.0 = Debug|Any CPU
		{3546079E-91C2-4501-B075-C2C8CCC14633}.Release|Any CPU.ActiveCfg = Release|Any CPU
		{3546079E-91C2-4501-B075-C2C8CCC14633}.Release|Any CPU.Build.0 = Release|Any CPU
	EndGlobalSection
	GlobalSection(SolutionProperties) = preSolution
		HideSolutionNode = FALSE
	EndGlobalSection
	GlobalSection(ExtensibilityGlobals) = postSolution
		SolutionGuid = {5650BC77-00BE-4536-9D0C-96104D46367B}
	EndGlobalSection
EndGlobal
